// !$*UTF8*$!
{
	archiveVersion = 1;
	classes = {
	};
	objectVersion = 46;
	objects = {

/* Begin PBXBuildFile section */
		DE3ABEDF1A7FBEFD0028106E /* AddCategory.swift in Sources */ = {isa = PBXBuildFile; fileRef = DE3ABEDE1A7FBEFD0028106E /* AddCategory.swift */; };
		DE3ABEE11A7FCBD90028106E /* addCategoryName.png in Resources */ = {isa = PBXBuildFile; fileRef = DE3ABEE01A7FCBD90028106E /* addCategoryName.png */; };
		DE3ABEE31A7FEA160028106E /* Setting.swift in Sources */ = {isa = PBXBuildFile; fileRef = DE3ABEE21A7FEA160028106E /* Setting.swift */; };
		DE3E92C51A7E4573000BF0D9 /* AppDelegate.swift in Sources */ = {isa = PBXBuildFile; fileRef = DE3E92C41A7E4573000BF0D9 /* AppDelegate.swift */; };
		DE3E92C71A7E4573000BF0D9 /* ViewController.swift in Sources */ = {isa = PBXBuildFile; fileRef = DE3E92C61A7E4573000BF0D9 /* ViewController.swift */; };
		DE3E92CA1A7E4573000BF0D9 /* Main.storyboard in Resources */ = {isa = PBXBuildFile; fileRef = DE3E92C81A7E4573000BF0D9 /* Main.storyboard */; };
		DE3E92CC1A7E4573000BF0D9 /* Images.xcassets in Resources */ = {isa = PBXBuildFile; fileRef = DE3E92CB1A7E4573000BF0D9 /* Images.xcassets */; };
		DE3E92CF1A7E4573000BF0D9 /* LaunchScreen.xib in Resources */ = {isa = PBXBuildFile; fileRef = DE3E92CD1A7E4573000BF0D9 /* LaunchScreen.xib */; };
		DE3E92DB1A7E4573000BF0D9 /* ListTests.swift in Sources */ = {isa = PBXBuildFile; fileRef = DE3E92DA1A7E4573000BF0D9 /* ListTests.swift */; };
		DE3E92E71A7E4B8A000BF0D9 /* setting.png in Resources */ = {isa = PBXBuildFile; fileRef = DE3E92E61A7E4B8A000BF0D9 /* setting.png */; };
		DE3E92E91A7E60BF000BF0D9 /* MainCenter.swift in Sources */ = {isa = PBXBuildFile; fileRef = DE3E92E81A7E60BF000BF0D9 /* MainCenter.swift */; };
		DEB6D2C51A824FF500E02F65 /* db.swift in Sources */ = {isa = PBXBuildFile; fileRef = DEB6D2C41A824FF500E02F65 /* db.swift */; };
		DEECAEB71A809E8200667DE1 /* SQLite.framework in Frameworks */ = {isa = PBXBuildFile; fileRef = DEECAEAE1A809E6A00667DE1 /* SQLite.framework */; };
		DEECAEB91A809E9600667DE1 /* SQLite.framework in CopyFiles */ = {isa = PBXBuildFile; fileRef = DEECAEAE1A809E6A00667DE1 /* SQLite.framework */; settings = {ATTRIBUTES = (CodeSignOnCopy, RemoveHeadersOnCopy, ); }; };
/* End PBXBuildFile section */

/* Begin PBXContainerItemProxy section */
		DE3E92D51A7E4573000BF0D9 /* PBXContainerItemProxy */ = {
			isa = PBXContainerItemProxy;
			containerPortal = DE3E92B71A7E4573000BF0D9 /* Project object */;
			proxyType = 1;
			remoteGlobalIDString = DE3E92BE1A7E4573000BF0D9;
			remoteInfo = List;
		};
		DEECAEAD1A809E6A00667DE1 /* PBXContainerItemProxy */ = {
			isa = PBXContainerItemProxy;
			containerPortal = DEECAEA61A809E6A00667DE1 /* SQLite.xcodeproj */;
			proxyType = 2;
			remoteGlobalIDString = DC3773F319C8CBB3004FCF85;
			remoteInfo = "SQLite iOS";
		};
		DEECAEAF1A809E6A00667DE1 /* PBXContainerItemProxy */ = {
			isa = PBXContainerItemProxy;
			containerPortal = DEECAEA61A809E6A00667DE1 /* SQLite.xcodeproj */;
			proxyType = 2;
			remoteGlobalIDString = DC3773FE19C8CBB3004FCF85;
			remoteInfo = "SQLite iOS Tests";
		};
		DEECAEB11A809E6A00667DE1 /* PBXContainerItemProxy */ = {
			isa = PBXContainerItemProxy;
			containerPortal = DEECAEA61A809E6A00667DE1 /* SQLite.xcodeproj */;
			proxyType = 2;
			remoteGlobalIDString = DC37741419C8CC2F004FCF85;
			remoteInfo = "SQLite Mac";
		};
		DEECAEB31A809E6A00667DE1 /* PBXContainerItemProxy */ = {
			isa = PBXContainerItemProxy;
			containerPortal = DEECAEA61A809E6A00667DE1 /* SQLite.xcodeproj */;
			proxyType = 2;
			remoteGlobalIDString = DC37741E19C8CC2F004FCF85;
			remoteInfo = "SQLite Mac Tests";
		};
		DEECAEB51A809E7E00667DE1 /* PBXContainerItemProxy */ = {
			isa = PBXContainerItemProxy;
			containerPortal = DEECAEA61A809E6A00667DE1 /* SQLite.xcodeproj */;
			proxyType = 1;
			remoteGlobalIDString = DC3773F219C8CBB3004FCF85;
			remoteInfo = "SQLite iOS";
		};
/* End PBXContainerItemProxy section */

/* Begin PBXCopyFilesBuildPhase section */
		DEECAEB81A809E8700667DE1 /* CopyFiles */ = {
			isa = PBXCopyFilesBuildPhase;
			buildActionMask = 2147483647;
			dstPath = "";
			dstSubfolderSpec = 10;
			files = (
				DEECAEB91A809E9600667DE1 /* SQLite.framework in CopyFiles */,
			);
			runOnlyForDeploymentPostprocessing = 0;
		};
/* End PBXCopyFilesBuildPhase section */

/* Begin PBXFileReference section */
		DE3ABEDE1A7FBEFD0028106E /* AddCategory.swift */ = {isa = PBXFileReference; fileEncoding = 4; lastKnownFileType = sourcecode.swift; name = AddCategory.swift; path = ../AddCategory.swift; sourceTree = "<group>"; };
		DE3ABEE01A7FCBD90028106E /* addCategoryName.png */ = {isa = PBXFileReference; lastKnownFileType = image.png; path = addCategoryName.png; sourceTree = "<group>"; };
		DE3ABEE21A7FEA160028106E /* Setting.swift */ = {isa = PBXFileReference; fileEncoding = 4; lastKnownFileType = sourcecode.swift; path = Setting.swift; sourceTree = "<group>"; };
		DE3E92BF1A7E4573000BF0D9 /* List.app */ = {isa = PBXFileReference; explicitFileType = wrapper.application; includeInIndex = 0; path = List.app; sourceTree = BUILT_PRODUCTS_DIR; };
		DE3E92C31A7E4573000BF0D9 /* Info.plist */ = {isa = PBXFileReference; lastKnownFileType = text.plist.xml; path = Info.plist; sourceTree = "<group>"; };
		DE3E92C41A7E4573000BF0D9 /* AppDelegate.swift */ = {isa = PBXFileReference; lastKnownFileType = sourcecode.swift; path = AppDelegate.swift; sourceTree = "<group>"; };
		DE3E92C61A7E4573000BF0D9 /* ViewController.swift */ = {isa = PBXFileReference; lastKnownFileType = sourcecode.swift; path = ViewController.swift; sourceTree = "<group>"; };
		DE3E92C91A7E4573000BF0D9 /* Base */ = {isa = PBXFileReference; lastKnownFileType = file.storyboard; name = Base; path = Base.lproj/Main.storyboard; sourceTree = "<group>"; };
		DE3E92CB1A7E4573000BF0D9 /* Images.xcassets */ = {isa = PBXFileReference; lastKnownFileType = folder.assetcatalog; path = Images.xcassets; sourceTree = "<group>"; };
		DE3E92CE1A7E4573000BF0D9 /* Base */ = {isa = PBXFileReference; lastKnownFileType = file.xib; name = Base; path = Base.lproj/LaunchScreen.xib; sourceTree = "<group>"; };
		DE3E92D41A7E4573000BF0D9 /* ListTests.xctest */ = {isa = PBXFileReference; explicitFileType = wrapper.cfbundle; includeInIndex = 0; path = ListTests.xctest; sourceTree = BUILT_PRODUCTS_DIR; };
		DE3E92D91A7E4573000BF0D9 /* Info.plist */ = {isa = PBXFileReference; lastKnownFileType = text.plist.xml; path = Info.plist; sourceTree = "<group>"; };
		DE3E92DA1A7E4573000BF0D9 /* ListTests.swift */ = {isa = PBXFileReference; lastKnownFileType = sourcecode.swift; path = ListTests.swift; sourceTree = "<group>"; };
		DE3E92E61A7E4B8A000BF0D9 /* setting.png */ = {isa = PBXFileReference; lastKnownFileType = image.png; path = setting.png; sourceTree = "<group>"; };
		DE3E92E81A7E60BF000BF0D9 /* MainCenter.swift */ = {isa = PBXFileReference; fileEncoding = 4; lastKnownFileType = sourcecode.swift; path = MainCenter.swift; sourceTree = "<group>"; };
		DEB6D2C41A824FF500E02F65 /* db.swift */ = {isa = PBXFileReference; fileEncoding = 4; lastKnownFileType = sourcecode.swift; path = db.swift; sourceTree = "<group>"; };
		DEECAEA61A809E6A00667DE1 /* SQLite.xcodeproj */ = {isa = PBXFileReference; lastKnownFileType = "wrapper.pb-project"; name = SQLite.xcodeproj; path = "SQLite.swift-master/SQLite.xcodeproj"; sourceTree = "<group>"; };
/* End PBXFileReference section */

/* Begin PBXFrameworksBuildPhase section */
		DE3E92BC1A7E4573000BF0D9 /* Frameworks */ = {
			isa = PBXFrameworksBuildPhase;
			buildActionMask = 2147483647;
			files = (
				DEECAEB71A809E8200667DE1 /* SQLite.framework in Frameworks */,
			);
			runOnlyForDeploymentPostprocessing = 0;
		};
		DE3E92D11A7E4573000BF0D9 /* Frameworks */ = {
			isa = PBXFrameworksBuildPhase;
			buildActionMask = 2147483647;
			files = (
			);
			runOnlyForDeploymentPostprocessing = 0;
		};
/* End PBXFrameworksBuildPhase section */

/* Begin PBXGroup section */
		DE3E92B61A7E4573000BF0D9 = {
			isa = PBXGroup;
			children = (
				DE3E92C11A7E4573000BF0D9 /* List */,
				DE3E92D71A7E4573000BF0D9 /* ListTests */,
				DE3E92C01A7E4573000BF0D9 /* Products */,
				DEECAEA61A809E6A00667DE1 /* SQLite.xcodeproj */,
			);
			sourceTree = "<group>";
		};
		DE3E92C01A7E4573000BF0D9 /* Products */ = {
			isa = PBXGroup;
			children = (
				DE3E92BF1A7E4573000BF0D9 /* List.app */,
				DE3E92D41A7E4573000BF0D9 /* ListTests.xctest */,
			);
			name = Products;
			sourceTree = "<group>";
		};
		DE3E92C11A7E4573000BF0D9 /* List */ = {
			isa = PBXGroup;
			children = (
				DE3ABEDE1A7FBEFD0028106E /* AddCategory.swift */,
				DE3E92C41A7E4573000BF0D9 /* AppDelegate.swift */,
				DE3E92C61A7E4573000BF0D9 /* ViewController.swift */,
				DEB6D2C41A824FF500E02F65 /* db.swift */,
				DE3E92C81A7E4573000BF0D9 /* Main.storyboard */,
				DE3ABEE21A7FEA160028106E /* Setting.swift */,
				DE3E92E81A7E60BF000BF0D9 /* MainCenter.swift */,
				DE3E92CB1A7E4573000BF0D9 /* Images.xcassets */,
				DE3E92CD1A7E4573000BF0D9 /* LaunchScreen.xib */,
				DE3E92C21A7E4573000BF0D9 /* Supporting Files */,
			);
			path = List;
			sourceTree = "<group>";
		};
		DE3E92C21A7E4573000BF0D9 /* Supporting Files */ = {
			isa = PBXGroup;
			children = (
				DE3E92E61A7E4B8A000BF0D9 /* setting.png */,
				DE3ABEE01A7FCBD90028106E /* addCategoryName.png */,
				DE3E92C31A7E4573000BF0D9 /* Info.plist */,
			);
			name = "Supporting Files";
			sourceTree = "<group>";
		};
		DE3E92D71A7E4573000BF0D9 /* ListTests */ = {
			isa = PBXGroup;
			children = (
				DE3E92DA1A7E4573000BF0D9 /* ListTests.swift */,
				DE3E92D81A7E4573000BF0D9 /* Supporting Files */,
			);
			path = ListTests;
			sourceTree = "<group>";
		};
		DE3E92D81A7E4573000BF0D9 /* Supporting Files */ = {
			isa = PBXGroup;
			children = (
				DE3E92D91A7E4573000BF0D9 /* Info.plist */,
			);
			name = "Supporting Files";
			sourceTree = "<group>";
		};
		DEECAEA71A809E6A00667DE1 /* Products */ = {
			isa = PBXGroup;
			children = (
				DEECAEAE1A809E6A00667DE1 /* SQLite.framework */,
				DEECAEB01A809E6A00667DE1 /* SQLite iOS Tests.xctest */,
				DEECAEB21A809E6A00667DE1 /* SQLite.framework */,
				DEECAEB41A809E6A00667DE1 /* SQLite Mac Tests.xctest */,
			);
			name = Products;
			sourceTree = "<group>";
		};
/* End PBXGroup section */

/* Begin PBXNativeTarget section */
		DE3E92BE1A7E4573000BF0D9 /* List */ = {
			isa = PBXNativeTarget;
			buildConfigurationList = DE3E92DE1A7E4573000BF0D9 /* Build configuration list for PBXNativeTarget "List" */;
			buildPhases = (
				DE3E92BB1A7E4573000BF0D9 /* Sources */,
				DE3E92BC1A7E4573000BF0D9 /* Frameworks */,
				DE3E92BD1A7E4573000BF0D9 /* Resources */,
				DEECAEB81A809E8700667DE1 /* CopyFiles */,
			);
			buildRules = (
			);
			dependencies = (
				DEECAEB61A809E7E00667DE1 /* PBXTargetDependency */,
			);
			name = List;
			productName = List;
			productReference = DE3E92BF1A7E4573000BF0D9 /* List.app */;
			productType = "com.apple.product-type.application";
		};
		DE3E92D31A7E4573000BF0D9 /* ListTests */ = {
			isa = PBXNativeTarget;
			buildConfigurationList = DE3E92E11A7E4573000BF0D9 /* Build configuration list for PBXNativeTarget "ListTests" */;
			buildPhases = (
				DE3E92D01A7E4573000BF0D9 /* Sources */,
				DE3E92D11A7E4573000BF0D9 /* Frameworks */,
				DE3E92D21A7E4573000BF0D9 /* Resources */,
			);
			buildRules = (
			);
			dependencies = (
				DE3E92D61A7E4573000BF0D9 /* PBXTargetDependency */,
			);
			name = ListTests;
			productName = ListTests;
			productReference = DE3E92D41A7E4573000BF0D9 /* ListTests.xctest */;
			productType = "com.apple.product-type.bundle.unit-test";
		};
/* End PBXNativeTarget section */

/* Begin PBXProject section */
		DE3E92B71A7E4573000BF0D9 /* Project object */ = {
			isa = PBXProject;
			attributes = {
				LastUpgradeCheck = 0610;
				ORGANIZATIONNAME = "冬";
				TargetAttributes = {
					DE3E92BE1A7E4573000BF0D9 = {
						CreatedOnToolsVersion = 6.1.1;
					};
					DE3E92D31A7E4573000BF0D9 = {
						CreatedOnToolsVersion = 6.1.1;
						TestTargetID = DE3E92BE1A7E4573000BF0D9;
					};
				};
			};
			buildConfigurationList = DE3E92BA1A7E4573000BF0D9 /* Build configuration list for PBXProject "List" */;
			compatibilityVersion = "Xcode 3.2";
			developmentRegion = English;
			hasScannedForEncodings = 0;
			knownRegions = (
				en,
				Base,
			);
			mainGroup = DE3E92B61A7E4573000BF0D9;
			productRefGroup = DE3E92C01A7E4573000BF0D9 /* Products */;
			projectDirPath = "";
			projectReferences = (
				{
					ProductGroup = DEECAEA71A809E6A00667DE1 /* Products */;
					ProjectRef = DEECAEA61A809E6A00667DE1 /* SQLite.xcodeproj */;
				},
			);
			projectRoot = "";
			targets = (
				DE3E92BE1A7E4573000BF0D9 /* List */,
				DE3E92D31A7E4573000BF0D9 /* ListTests */,
			);
		};
/* End PBXProject section */

/* Begin PBXReferenceProxy section */
		DEECAEAE1A809E6A00667DE1 /* SQLite.framework */ = {
			isa = PBXReferenceProxy;
			fileType = wrapper.framework;
			path = SQLite.framework;
			remoteRef = DEECAEAD1A809E6A00667DE1 /* PBXContainerItemProxy */;
			sourceTree = BUILT_PRODUCTS_DIR;
		};
		DEECAEB01A809E6A00667DE1 /* SQLite iOS Tests.xctest */ = {
			isa = PBXReferenceProxy;
			fileType = wrapper.cfbundle;
			path = "SQLite iOS Tests.xctest";
			remoteRef = DEECAEAF1A809E6A00667DE1 /* PBXContainerItemProxy */;
			sourceTree = BUILT_PRODUCTS_DIR;
		};
		DEECAEB21A809E6A00667DE1 /* SQLite.framework */ = {
			isa = PBXReferenceProxy;
			fileType = wrapper.framework;
			path = SQLite.framework;
			remoteRef = DEECAEB11A809E6A00667DE1 /* PBXContainerItemProxy */;
			sourceTree = BUILT_PRODUCTS_DIR;
		};
		DEECAEB41A809E6A00667DE1 /* SQLite Mac Tests.xctest */ = {
			isa = PBXReferenceProxy;
			fileType = wrapper.cfbundle;
			path = "SQLite Mac Tests.xctest";
			remoteRef = DEECAEB31A809E6A00667DE1 /* PBXContainerItemProxy */;
			sourceTree = BUILT_PRODUCTS_DIR;
		};
/* End PBXReferenceProxy section */

/* Begin PBXResourcesBuildPhase section */
		DE3E92BD1A7E4573000BF0D9 /* Resources */ = {
			isa = PBXResourcesBuildPhase;
			buildActionMask = 2147483647;
			files = (
				DE3ABEE11A7FCBD90028106E /* addCategoryName.png in Resources */,
				DE3E92E71A7E4B8A000BF0D9 /* setting.png in Resources */,
				DE3E92CA1A7E4573000BF0D9 /* Main.storyboard in Resources */,
				DE3E92CF1A7E4573000BF0D9 /* LaunchScreen.xib in Resources */,
				DE3E92CC1A7E4573000BF0D9 /* Images.xcassets in Resources */,
			);
			runOnlyForDeploymentPostprocessing = 0;
		};
		DE3E92D21A7E4573000BF0D9 /* Resources */ = {
			isa = PBXResourcesBuildPhase;
			buildActionMask = 2147483647;
			files = (
			);
			runOnlyForDeploymentPostprocessing = 0;
		};
/* End PBXResourcesBuildPhase section */

/* Begin PBXSourcesBuildPhase section */
		DE3E92BB1A7E4573000BF0D9 /* Sources */ = {
			isa = PBXSourcesBuildPhase;
			buildActionMask = 2147483647;
			files = (
				DE3ABEE31A7FEA160028106E /* Setting.swift in Sources */,
				DEB6D2C51A824FF500E02F65 /* db.swift in Sources */,
				DE3E92E91A7E60BF000BF0D9 /* MainCenter.swift in Sources */,
				DE3E92C71A7E4573000BF0D9 /* ViewController.swift in Sources */,
				DE3E92C51A7E4573000BF0D9 /* AppDelegate.swift in Sources */,
				DE3ABEDF1A7FBEFD0028106E /* AddCategory.swift in Sources */,
			);
			runOnlyForDeploymentPostprocessing = 0;
		};
		DE3E92D01A7E4573000BF0D9 /* Sources */ = {
			isa = PBXSourcesBuildPhase;
			buildActionMask = 2147483647;
			files = (
				DE3E92DB1A7E4573000BF0D9 /* ListTests.swift in Sources */,
			);
			runOnlyForDeploymentPostprocessing = 0;
		};
/* End PBXSourcesBuildPhase section */

/* Begin PBXTargetDependency section */
		DE3E92D61A7E4573000BF0D9 /* PBXTargetDependency */ = {
			isa = PBXTargetDependency;
			target = DE3E92BE1A7E4573000BF0D9 /* List */;
			targetProxy = DE3E92D51A7E4573000BF0D9 /* PBXContainerItemProxy */;
		};
		DEECAEB61A809E7E00667DE1 /* PBXTargetDependency */ = {
			isa = PBXTargetDependency;
			name = "SQLite iOS";
			targetProxy = DEECAEB51A809E7E00667DE1 /* PBXContainerItemProxy */;
		};
/* End PBXTargetDependency section */

/* Begin PBXVariantGroup section */
		DE3E92C81A7E4573000BF0D9 /* Main.storyboard */ = {
			isa = PBXVariantGroup;
			children = (
				DE3E92C91A7E4573000BF0D9 /* Base */,
			);
			name = Main.storyboard;
			sourceTree = "<group>";
		};
		DE3E92CD1A7E4573000BF0D9 /* LaunchScreen.xib */ = {
			isa = PBXVariantGroup;
			children = (
				DE3E92CE1A7E4573000BF0D9 /* Base */,
			);
			name = LaunchScreen.xib;
			sourceTree = "<group>";
		};
/* End PBXVariantGroup section */

/* Begin XCBuildConfiguration section */
		DE3E92DC1A7E4573000BF0D9 /* Debug */ = {
			isa = XCBuildConfiguration;
			buildSettings = {
				ALWAYS_SEARCH_USER_PATHS = NO;
				CLANG_CXX_LANGUAGE_STANDARD = "gnu++0x";
				CLANG_CXX_LIBRARY = "libc++";
				CLANG_ENABLE_MODULES = YES;
				CLANG_ENABLE_OBJC_ARC = YES;
				CLANG_WARN_BOOL_CONVERSION = YES;
				CLANG_WARN_CONSTANT_CONVERSION = YES;
				CLANG_WARN_DIRECT_OBJC_ISA_USAGE = YES_ERROR;
				CLANG_WARN_EMPTY_BODY = YES;
				CLANG_WARN_ENUM_CONVERSION = YES;
				CLANG_WARN_INT_CONVERSION = YES;
				CLANG_WARN_OBJC_ROOT_CLASS = YES_ERROR;
				CLANG_WARN_UNREACHABLE_CODE = YES;
				CLANG_WARN__DUPLICATE_METHOD_MATCH = YES;
				"CODE_SIGN_IDENTITY[sdk=iphoneos*]" = "iPhone Developer";
				COPY_PHASE_STRIP = NO;
				ENABLE_STRICT_OBJC_MSGSEND = YES;
				GCC_C_LANGUAGE_STANDARD = gnu99;
				GCC_DYNAMIC_NO_PIC = NO;
				GCC_OPTIMIZATION_LEVEL = 0;
				GCC_PREPROCESSOR_DEFINITIONS = (
					"DEBUG=1",
					"$(inherited)",
				);
				GCC_SYMBOLS_PRIVATE_EXTERN = NO;
				GCC_WARN_64_TO_32_BIT_CONVERSION = YES;
				GCC_WARN_ABOUT_RETURN_TYPE = YES_ERROR;
				GCC_WARN_UNDECLARED_SELECTOR = YES;
				GCC_WARN_UNINITIALIZED_AUTOS = YES_AGGRESSIVE;
				GCC_WARN_UNUSED_FUNCTION = YES;
				GCC_WARN_UNUSED_VARIABLE = YES;
				IPHONEOS_DEPLOYMENT_TARGET = 8.1;
				MTL_ENABLE_DEBUG_INFO = YES;
				ONLY_ACTIVE_ARCH = YES;
				SDKROOT = iphoneos;
				SWIFT_OPTIMIZATION_LEVEL = "-Onone";
			};
			name = Debug;
		};
		DE3E92DD1A7E4573000BF0D9 /* Release */ = {
			isa = XCBuildConfiguration;
			buildSettings = {
				ALWAYS_SEARCH_USER_PATHS = NO;
				CLANG_CXX_LANGUAGE_STANDARD = "gnu++0x";
				CLANG_CXX_LIBRARY = "libc++";
				CLANG_ENABLE_MODULES = YES;
				CLANG_ENABLE_OBJC_ARC = YES;
				CLANG_WARN_BOOL_CONVERSION = YES;
				CLANG_WARN_CONSTANT_CONVERSION = YES;
				CLANG_WARN_DIRECT_OBJC_ISA_USAGE = YES_ERROR;
				CLANG_WARN_EMPTY_BODY = YES;
				CLANG_WARN_ENUM_CONVERSION = YES;
				CLANG_WARN_INT_CONVERSION = YES;
				CLANG_WARN_OBJC_ROOT_CLASS = YES_ERROR;
				CLANG_WARN_UNREACHABLE_CODE = YES;
				CLANG_WARN__DUPLICATE_METHOD_MATCH = YES;
				"CODE_SIGN_IDENTITY[sdk=iphoneos*]" = "iPhone Developer";
				COPY_PHASE_STRIP = YES;
				ENABLE_NS_ASSERTIONS = NO;
				ENABLE_STRICT_OBJC_MSGSEND = YES;
				GCC_C_LANGUAGE_STANDARD = gnu99;
				GCC_WARN_64_TO_32_BIT_CONVERSION = YES;
				GCC_WARN_ABOUT_RETURN_TYPE = YES_ERROR;
				GCC_WARN_UNDECLARED_SELECTOR = YES;
				GCC_WARN_UNINITIALIZED_AUTOS = YES_AGGRESSIVE;
				GCC_WARN_UNUSED_FUNCTION = YES;
				GCC_WARN_UNUSED_VARIABLE = YES;
				IPHONEOS_DEPLOYMENT_TARGET = 8.1;
				MTL_ENABLE_DEBUG_INFO = NO;
				SDKROOT = iphoneos;
				VALIDATE_PRODUCT = YES;
			};
			name = Release;
		};
		DE3E92DF1A7E4573000BF0D9 /* Debug */ = {
			isa = XCBuildConfiguration;
			buildSettings = {
				ASSETCATALOG_COMPILER_APPICON_NAME = AppIcon;
				INFOPLIST_FILE = List/Info.plist;
				LD_RUNPATH_SEARCH_PATHS = "$(inherited) @executable_path/Frameworks";
				PRODUCT_NAME = "$(TARGET_NAME)";
			};
			name = Debug;
		};
		DE3E92E01A7E4573000BF0D9 /* Release */ = {
			isa = XCBuildConfiguration;
			buildSettings = {
				ASSETCATALOG_COMPILER_APPICON_NAME = AppIcon;
				INFOPLIST_FILE = List/Info.plist;
				LD_RUNPATH_SEARCH_PATHS = "$(inherited) @executable_path/Frameworks";
				PRODUCT_NAME = "$(TARGET_NAME)";
			};
			name = Release;
		};
		DE3E92E21A7E4573000BF0D9 /* Debug */ = {
			isa = XCBuildConfiguration;
			buildSettings = {
				BUNDLE_LOADER = "$(TEST_HOST)";
				FRAMEWORK_SEARCH_PATHS = (
					"$(SDKROOT)/Developer/Library/Frameworks",
					"$(inherited)",
				);
				GCC_PREPROCESSOR_DEFINITIONS = (
					"DEBUG=1",
					"$(inherited)",
				);
				INFOPLIST_FILE = ListTests/Info.plist;
				LD_RUNPATH_SEARCH_PATHS = "$(inherited) @executable_path/Frameworks @loader_path/Frameworks";
				PRODUCT_NAME = "$(TARGET_NAME)";
				TEST_HOST = "$(BUILT_PRODUCTS_DIR)/List.app/List";
			};
			name = Debug;
		};
		DE3E92E31A7E4573000BF0D9 /* Release */ = {
			isa = XCBuildConfiguration;
			buildSettings = {
				BUNDLE_LOADER = "$(TEST_HOST)";
				FRAMEWORK_SEARCH_PATHS = (
					"$(SDKROOT)/Developer/Library/Frameworks",
					"$(inherited)",
				);
				INFOPLIST_FILE = ListTests/Info.plist;
				LD_RUNPATH_SEARCH_PATHS = "$(inherited) @executable_path/Frameworks @loader_path/Frameworks";
				PRODUCT_NAME = "$(TARGET_NAME)";
				TEST_HOST = "$(BUILT_PRODUCTS_DIR)/List.app/List";
			};
			name = Release;
		};
/* End XCBuildConfiguration section */

/* Begin XCConfigurationList section */
		DE3E92BA1A7E4573000BF0D9 /* Build configuration list for PBXProject "List" */ = {
			isa = XCConfigurationList;
			buildConfigurations = (
				DE3E92DC1A7E4573000BF0D9 /* Debug */,
				DE3E92DD1A7E4573000BF0D9 /* Release */,
			);
			defaultConfigurationIsVisible = 0;
			defaultConfigurationName = Release;
		};
		DE3E92DE1A7E4573000BF0D9 /* Build configuration list for PBXNativeTarget "List" */ = {
			isa = XCConfigurationList;
			buildConfigurations = (
				DE3E92DF1A7E4573000BF0D9 /* Debug */,
				DE3E92E01A7E4573000BF0D9 /* Release */,
			);
			defaultConfigurationIsVisible = 0;
			defaultConfigurationName = Release;
		};
		DE3E92E11A7E4573000BF0D9 /* Build configuration list for PBXNativeTarget "ListTests" */ = {
			isa = XCConfigurationList;
			buildConfigurations = (
				DE3E92E21A7E4573000BF0D9 /* Debug */,
				DE3E92E31A7E4573000BF0D9 /* Release */,
			);
			defaultConfigurationIsVisible = 0;
			defaultConfigurationName = Release;
		};
/* End XCConfigurationList section */
	};
	rootObject = DE3E92B71A7E4573000BF0D9 /* Project object */;
}
